// !$*UTF8*$!
{
	archiveVersion = 1;
	classes = {
	};
	objectVersion = 46;
	objects = {

/* Begin PBXBuildFile section */
		914D87BE1D4CF04800E9DBB1 /* Constants.swift in Sources */ = {isa = PBXBuildFile; fileRef = 914D87BD1D4CF04800E9DBB1 /* Constants.swift */; };
		91BDFBF31D4C1841008FFAC2 /* AppDelegate.swift in Sources */ = {isa = PBXBuildFile; fileRef = 91BDFBF21D4C1841008FFAC2 /* AppDelegate.swift */; };
		91BDFBF51D4C1841008FFAC2 /* MapViewController.swift in Sources */ = {isa = PBXBuildFile; fileRef = 91BDFBF41D4C1841008FFAC2 /* MapViewController.swift */; };
		91BDFBF81D4C1841008FFAC2 /* Main.storyboard in Resources */ = {isa = PBXBuildFile; fileRef = 91BDFBF61D4C1841008FFAC2 /* Main.storyboard */; };
		91BDFBFB1D4C1841008FFAC2 /* MapNote.xcdatamodeld in Sources */ = {isa = PBXBuildFile; fileRef = 91BDFBF91D4C1841008FFAC2 /* MapNote.xcdatamodeld */; };
		91BDFBFD1D4C1841008FFAC2 /* Assets.xcassets in Resources */ = {isa = PBXBuildFile; fileRef = 91BDFBFC1D4C1841008FFAC2 /* Assets.xcassets */; };
		91BDFC001D4C1841008FFAC2 /* LaunchScreen.storyboard in Resources */ = {isa = PBXBuildFile; fileRef = 91BDFBFE1D4C1841008FFAC2 /* LaunchScreen.storyboard */; };
		91BDFC081D4C1AC1008FFAC2 /* MenuViewController.swift in Sources */ = {isa = PBXBuildFile; fileRef = 91BDFC071D4C1AC1008FFAC2 /* MenuViewController.swift */; };
		91BDFC0A1D4C1AE2008FFAC2 /* NoteTableViewController.swift in Sources */ = {isa = PBXBuildFile; fileRef = 91BDFC091D4C1AE2008FFAC2 /* NoteTableViewController.swift */; };
		91BDFC0C1D4C1B25008FFAC2 /* MenuAddCell.swift in Sources */ = {isa = PBXBuildFile; fileRef = 91BDFC0B1D4C1B25008FFAC2 /* MenuAddCell.swift */; };
		91BDFC0E1D4C1B35008FFAC2 /* MenuItemCell.swift in Sources */ = {isa = PBXBuildFile; fileRef = 91BDFC0D1D4C1B35008FFAC2 /* MenuItemCell.swift */; };
		91BDFC111D4C1E92008FFAC2 /* Requests.swift in Sources */ = {isa = PBXBuildFile; fileRef = 91BDFC101D4C1E92008FFAC2 /* Requests.swift */; };
/* End PBXBuildFile section */

/* Begin PBXFileReference section */
		914D87BD1D4CF04800E9DBB1 /* Constants.swift */ = {isa = PBXFileReference; fileEncoding = 4; lastKnownFileType = sourcecode.swift; path = Constants.swift; sourceTree = "<group>"; };
		91BDFBEF1D4C1841008FFAC2 /* MapNote.app */ = {isa = PBXFileReference; explicitFileType = wrapper.application; includeInIndex = 0; path = MapNote.app; sourceTree = BUILT_PRODUCTS_DIR; };
		91BDFBF21D4C1841008FFAC2 /* AppDelegate.swift */ = {isa = PBXFileReference; lastKnownFileType = sourcecode.swift; path = AppDelegate.swift; sourceTree = "<group>"; };
		91BDFBF41D4C1841008FFAC2 /* MapViewController.swift */ = {isa = PBXFileReference; lastKnownFileType = sourcecode.swift; path = MapViewController.swift; sourceTree = "<group>"; };
		91BDFBF71D4C1841008FFAC2 /* Base */ = {isa = PBXFileReference; lastKnownFileType = file.storyboard; name = Base; path = Base.lproj/Main.storyboard; sourceTree = "<group>"; };
		91BDFBFA1D4C1841008FFAC2 /* MapNote.xcdatamodel */ = {isa = PBXFileReference; lastKnownFileType = wrapper.xcdatamodel; path = MapNote.xcdatamodel; sourceTree = "<group>"; };
		91BDFBFC1D4C1841008FFAC2 /* Assets.xcassets */ = {isa = PBXFileReference; lastKnownFileType = folder.assetcatalog; path = Assets.xcassets; sourceTree = "<group>"; };
		91BDFBFF1D4C1841008FFAC2 /* Base */ = {isa = PBXFileReference; lastKnownFileType = file.storyboard; name = Base; path = Base.lproj/LaunchScreen.storyboard; sourceTree = "<group>"; };
		91BDFC011D4C1841008FFAC2 /* Info.plist */ = {isa = PBXFileReference; lastKnownFileType = text.plist.xml; path = Info.plist; sourceTree = "<group>"; };
		91BDFC071D4C1AC1008FFAC2 /* MenuViewController.swift */ = {isa = PBXFileReference; fileEncoding = 4; lastKnownFileType = sourcecode.swift; path = MenuViewController.swift; sourceTree = "<group>"; };
		91BDFC091D4C1AE2008FFAC2 /* NoteTableViewController.swift */ = {isa = PBXFileReference; fileEncoding = 4; lastKnownFileType = sourcecode.swift; path = NoteTableViewController.swift; sourceTree = "<group>"; };
		91BDFC0B1D4C1B25008FFAC2 /* MenuAddCell.swift */ = {isa = PBXFileReference; fileEncoding = 4; lastKnownFileType = sourcecode.swift; path = MenuAddCell.swift; sourceTree = "<group>"; };
		91BDFC0D1D4C1B35008FFAC2 /* MenuItemCell.swift */ = {isa = PBXFileReference; fileEncoding = 4; lastKnownFileType = sourcecode.swift; path = MenuItemCell.swift; sourceTree = "<group>"; };
		91BDFC101D4C1E92008FFAC2 /* Requests.swift */ = {isa = PBXFileReference; fileEncoding = 4; lastKnownFileType = sourcecode.swift; path = Requests.swift; sourceTree = "<group>"; };
/* End PBXFileReference section */

/* Begin PBXFrameworksBuildPhase section */
		91BDFBEC1D4C1841008FFAC2 /* Frameworks */ = {
			isa = PBXFrameworksBuildPhase;
			buildActionMask = 2147483647;
			files = (
			);
			runOnlyForDeploymentPostprocessing = 0;
		};
/* End PBXFrameworksBuildPhase section */

/* Begin PBXGroup section */
		91BDFBE61D4C1841008FFAC2 = {
			isa = PBXGroup;
			children = (
				91BDFBF11D4C1841008FFAC2 /* MapNote */,
				91BDFBF01D4C1841008FFAC2 /* Products */,
			);
			sourceTree = "<group>";
		};
		91BDFBF01D4C1841008FFAC2 /* Products */ = {
			isa = PBXGroup;
			children = (
				91BDFBEF1D4C1841008FFAC2 /* MapNote.app */,
			);
			name = Products;
			sourceTree = "<group>";
		};
		91BDFBF11D4C1841008FFAC2 /* MapNote */ = {
			isa = PBXGroup;
			children = (
				91BDFC071D4C1AC1008FFAC2 /* MenuViewController.swift */,
				91BDFBF41D4C1841008FFAC2 /* MapViewController.swift */,
				91BDFC091D4C1AE2008FFAC2 /* NoteTableViewController.swift */,
				91BDFC101D4C1E92008FFAC2 /* Requests.swift */,
				914D87BD1D4CF04800E9DBB1 /* Constants.swift */,
				91BDFC0F1D4C1B39008FFAC2 /* Cells */,
				91BDFBF21D4C1841008FFAC2 /* AppDelegate.swift */,
				91BDFBF61D4C1841008FFAC2 /* Main.storyboard */,
				91BDFBFC1D4C1841008FFAC2 /* Assets.xcassets */,
				91BDFBFE1D4C1841008FFAC2 /* LaunchScreen.storyboard */,
				91BDFC011D4C1841008FFAC2 /* Info.plist */,
				91BDFBF91D4C1841008FFAC2 /* MapNote.xcdatamodeld */,
			);
			path = MapNote;
			sourceTree = "<group>";
		};
		91BDFC0F1D4C1B39008FFAC2 /* Cells */ = {
			isa = PBXGroup;
			children = (
				91BDFC0B1D4C1B25008FFAC2 /* MenuAddCell.swift */,
				91BDFC0D1D4C1B35008FFAC2 /* MenuItemCell.swift */,
			);
			name = Cells;
			sourceTree = "<group>";
		};
/* End PBXGroup section */

/* Begin PBXNativeTarget section */
		91BDFBEE1D4C1841008FFAC2 /* MapNote */ = {
			isa = PBXNativeTarget;
			buildConfigurationList = 91BDFC041D4C1841008FFAC2 /* Build configuration list for PBXNativeTarget "MapNote" */;
			buildPhases = (
				91BDFBEB1D4C1841008FFAC2 /* Sources */,
				91BDFBEC1D4C1841008FFAC2 /* Frameworks */,
				91BDFBED1D4C1841008FFAC2 /* Resources */,
			);
			buildRules = (
			);
			dependencies = (
			);
			name = MapNote;
			productName = MapNote;
			productReference = 91BDFBEF1D4C1841008FFAC2 /* MapNote.app */;
			productType = "com.apple.product-type.application";
		};
/* End PBXNativeTarget section */

/* Begin PBXProject section */
		91BDFBE71D4C1841008FFAC2 /* Project object */ = {
			isa = PBXProject;
			attributes = {
				LastSwiftUpdateCheck = 0730;
				LastUpgradeCheck = 0730;
				ORGANIZATIONNAME = "Kyle Brooks Robinson";
				TargetAttributes = {
					91BDFBEE1D4C1841008FFAC2 = {
						CreatedOnToolsVersion = 7.3.1;
					};
				};
			};
			buildConfigurationList = 91BDFBEA1D4C1841008FFAC2 /* Build configuration list for PBXProject "MapNote" */;
			compatibilityVersion = "Xcode 3.2";
			developmentRegion = English;
			hasScannedForEncodings = 0;
			knownRegions = (
				en,
				Base,
			);
			mainGroup = 91BDFBE61D4C1841008FFAC2;
			productRefGroup = 91BDFBF01D4C1841008FFAC2 /* Products */;
			projectDirPath = "";
			projectRoot = "";
			targets = (
				91BDFBEE1D4C1841008FFAC2 /* MapNote */,
			);
		};
/* End PBXProject section */

/* Begin PBXResourcesBuildPhase section */
		91BDFBED1D4C1841008FFAC2 /* Resources */ = {
			isa = PBXResourcesBuildPhase;
			buildActionMask = 2147483647;
			files = (
				91BDFC001D4C1841008FFAC2 /* LaunchScreen.storyboard in Resources */,
				91BDFBFD1D4C1841008FFAC2 /* Assets.xcassets in Resources */,
				91BDFBF81D4C1841008FFAC2 /* Main.storyboard in Resources */,
			);
			runOnlyForDeploymentPostprocessing = 0;
		};
/* End PBXResourcesBuildPhase section */

/* Begin PBXSourcesBuildPhase section */
		91BDFBEB1D4C1841008FFAC2 /* Sources */ = {
			isa = PBXSourcesBuildPhase;
			buildActionMask = 2147483647;
			files = (
				91BDFC0C1D4C1B25008FFAC2 /* MenuAddCell.swift in Sources */,
				91BDFC0A1D4C1AE2008FFAC2 /* NoteTableViewController.swift in Sources */,
				91BDFC0E1D4C1B35008FFAC2 /* MenuItemCell.swift in Sources */,
				91BDFBFB1D4C1841008FFAC2 /* MapNote.xcdatamodeld in Sources */,
				91BDFBF51D4C1841008FFAC2 /* MapViewController.swift in Sources */,
				91BDFC111D4C1E92008FFAC2 /* Requests.swift in Sources */,
				91BDFBF31D4C1841008FFAC2 /* AppDelegate.swift in Sources */,
				91BDFC081D4C1AC1008FFAC2 /* MenuViewController.swift in Sources */,
				914D87BE1D4CF04800E9DBB1 /* Constants.swift in Sources */,
			);
			runOnlyForDeploymentPostprocessing = 0;
		};
/* End PBXSourcesBuildPhase section */

/* Begin PBXVariantGroup section */
		91BDFBF61D4C1841008FFAC2 /* Main.storyboard */ = {
			isa = PBXVariantGroup;
			children = (
				91BDFBF71D4C1841008FFAC2 /* Base */,
			);
			name = Main.storyboard;
			sourceTree = "<group>";
		};
		91BDFBFE1D4C1841008FFAC2 /* LaunchScreen.storyboard */ = {
			isa = PBXVariantGroup;
			children = (
				91BDFBFF1D4C1841008FFAC2 /* Base */,
			);
			name = LaunchScreen.storyboard;
			sourceTree = "<group>";
		};
/* End PBXVariantGroup section */

/* Begin XCBuildConfiguration section */
		91BDFC021D4C1841008FFAC2 /* Debug */ = {
			isa = XCBuildConfiguration;
			buildSettings = {
				ALWAYS_SEARCH_USER_PATHS = NO;
				CLANG_ANALYZER_NONNULL = YES;
				CLANG_CXX_LANGUAGE_STANDARD = "gnu++0x";
				CLANG_CXX_LIBRARY = "libc++";
				CLANG_ENABLE_MODULES = YES;
				CLANG_ENABLE_OBJC_ARC = YES;
				CLANG_WARN_BOOL_CONVERSION = YES;
				CLANG_WARN_CONSTANT_CONVERSION = YES;
				CLANG_WARN_DIRECT_OBJC_ISA_USAGE = YES_ERROR;
				CLANG_WARN_EMPTY_BODY = YES;
				CLANG_WARN_ENUM_CONVERSION = YES;
				CLANG_WARN_INT_CONVERSION = YES;
				CLANG_WARN_OBJC_ROOT_CLASS = YES_ERROR;
				CLANG_WARN_UNREACHABLE_CODE = YES;
				CLANG_WARN__DUPLICATE_METHOD_MATCH = YES;
				"CODE_SIGN_IDENTITY[sdk=iphoneos*]" = "iPhone Developer";
				COPY_PHASE_STRIP = NO;
				DEBUG_INFORMATION_FORMAT = dwarf;
				ENABLE_STRICT_OBJC_MSGSEND = YES;
				ENABLE_TESTABILITY = YES;
				GCC_C_LANGUAGE_STANDARD = gnu99;
				GCC_DYNAMIC_NO_PIC = NO;
				GCC_NO_COMMON_BLOCKS = YES;
				GCC_OPTIMIZATION_LEVEL = 0;
				GCC_PREPROCESSOR_DEFINITIONS = (
					"DEBUG=1",
					"$(inherited)",
				);
				GCC_WARN_64_TO_32_BIT_CONVERSION = YES;
				GCC_WARN_ABOUT_RETURN_TYPE = YES_ERROR;
				GCC_WARN_UNDECLARED_SELECTOR = YES;
				GCC_WARN_UNINITIALIZED_AUTOS = YES_AGGRESSIVE;
				GCC_WARN_UNUSED_FUNCTION = YES;
				GCC_WARN_UNUSED_VARIABLE = YES;
				IPHONEOS_DEPLOYMENT_TARGET = 9.3;
				MTL_ENABLE_DEBUG_INFO = YES;
				ONLY_ACTIVE_ARCH = YES;
				SDKROOT = iphoneos;
				SWIFT_OPTIMIZATION_LEVEL = "-Onone";
				TARGETED_DEVICE_FAMILY = "1,2";
			};
			name = Debug;
		};
		91BDFC031D4C1841008FFAC2 /* Release */ = {
			isa = XCBuildConfiguration;
			buildSettings = {
				ALWAYS_SEARCH_USER_PATHS = NO;
				CLANG_ANALYZER_NONNULL = YES;
				CLANG_CXX_LANGUAGE_STANDARD = "gnu++0x";
				CLANG_CXX_LIBRARY = "libc++";
				CLANG_ENABLE_MODULES = YES;
				CLANG_ENABLE_OBJC_ARC = YES;
				CLANG_WARN_BOOL_CONVERSION = YES;
				CLANG_WARN_CONSTANT_CONVERSION = YES;
				CLANG_WARN_DIRECT_OBJC_ISA_USAGE = YES_ERROR;
				CLANG_WARN_EMPTY_BODY = YES;
				CLANG_WARN_ENUM_CONVERSION = YES;
				CLANG_WARN_INT_CONVERSION = YES;
				CLANG_WARN_OBJC_ROOT_CLASS = YES_ERROR;
				CLANG_WARN_UNREACHABLE_CODE = YES;
				CLANG_WARN__DUPLICATE_METHOD_MATCH = YES;
				"CODE_SIGN_IDENTITY[sdk=iphoneos*]" = "iPhone Developer";
				COPY_PHASE_STRIP = NO;
				DEBUG_INFORMATION_FORMAT = "dwarf-with-dsym";
				ENABLE_NS_ASSERTIONS = NO;
				ENABLE_STRICT_OBJC_MSGSEND = YES;
				GCC_C_LANGUAGE_STANDARD = gnu99;
				GCC_NO_COMMON_BLOCKS = YES;
				GCC_WARN_64_TO_32_BIT_CONVERSION = YES;
				GCC_WARN_ABOUT_RETURN_TYPE = YES_ERROR;
				GCC_WARN_UNDECLARED_SELECTOR = YES;
				GCC_WARN_UNINITIALIZED_AUTOS = YES_AGGRESSIVE;
				GCC_WARN_UNUSED_FUNCTION = YES;
				GCC_WARN_UNUSED_VARIABLE = YES;
				IPHONEOS_DEPLOYMENT_TARGET = 9.3;
				MTL_ENABLE_DEBUG_INFO = NO;
				SDKROOT = iphoneos;
				TARGETED_DEVICE_FAMILY = "1,2";
				VALIDATE_PRODUCT = YES;
			};
			name = Release;
		};
		91BDFC051D4C1841008FFAC2 /* Debug */ = {
			isa = XCBuildConfiguration;
			buildSettings = {
				ASSETCATALOG_COMPILER_APPICON_NAME = AppIcon;
				INFOPLIST_FILE = MapNote/Info.plist;
				LD_RUNPATH_SEARCH_PATHS = "$(inherited) @executable_path/Frameworks";
				PRODUCT_BUNDLE_IDENTIFIER = com.Rocktransformed.MapNote;
				PRODUCT_NAME = "$(TARGET_NAME)";
			};
			name = Debug;
		};
		91BDFC061D4C1841008FFAC2 /* Release */ = {
			isa = XCBuildConfiguration;
			buildSettings = {
				ASSETCATALOG_COMPILER_APPICON_NAME = AppIcon;
				INFOPLIST_FILE = MapNote/Info.plist;
				LD_RUNPATH_SEARCH_PATHS = "$(inherited) @executable_path/Frameworks";
				PRODUCT_BUNDLE_IDENTIFIER = com.Rocktransformed.MapNote;
				PRODUCT_NAME = "$(TARGET_NAME)";
			};
			name = Release;
		};
/* End XCBuildConfiguration section */

/* Begin XCConfigurationList section */
		91BDFBEA1D4C1841008FFAC2 /* Build configuration list for PBXProject "MapNote" */ = {
			isa = XCConfigurationList;
			buildConfigurations = (
				91BDFC021D4C1841008FFAC2 /* Debug */,
				91BDFC031D4C1841008FFAC2 /* Release */,
			);
			defaultConfigurationIsVisible = 0;
			defaultConfigurationName = Release;
		};
		91BDFC041D4C1841008FFAC2 /* Build configuration list for PBXNativeTarget "MapNote" */ = {
			isa = XCConfigurationList;
			buildConfigurations = (
				91BDFC051D4C1841008FFAC2 /* Debug */,
				91BDFC061D4C1841008FFAC2 /* Release */,
			);
			defaultConfigurationIsVisible = 0;
			defaultConfigurationName = Release;
		};
/* End XCConfigurationList section */

/* Begin XCVersionGroup section */
		91BDFBF91D4C1841008FFAC2 /* MapNote.xcdatamodeld */ = {
			isa = XCVersionGroup;
			children = (
				91BDFBFA1D4C1841008FFAC2 /* MapNote.xcdatamodel */,
			);
			currentVersion = 91BDFBFA1D4C1841008FFAC2 /* MapNote.xcdatamodel */;
			path = MapNote.xcdatamodeld;
			sourceTree = "<group>";
			versionGroupType = wrapper.xcdatamodel;
		};
/* End XCVersionGroup section */
	};
	rootObject = 91BDFBE71D4C1841008FFAC2 /* Project object */;
}
